
Microsoft Visual Studio Solution File, Format Version 12.00
# Visual Studio Version 16
VisualStudioVersion = 16.0.32413.511
MinimumVisualStudioVersion = 10.0.40219.1
Project("{FAE04EC0-301F-11D3-BF4B-00C04F79EFBC}") = "OOP_Ships_Project", "OOP_Ships_Project.csproj", "{D2ED9AA4-F205-4E76-B379-28559235825D}"
EndProject
Global
	GlobalSection(SolutionConfigurationPlatforms) = preSolution
		Debug|Any CPU = Debug|Any CPU
		Release|Any CPU = Release|Any CPU
	EndGlobalSection
	GlobalSection(ProjectConfigurationPlatforms) = postSolution
		{D2ED9AA4-F205-4E76-B379-28559235825D}.Debug|Any CPU.ActiveCfg = Debug|Any CPU
		{D2ED9AA4-F205-4E76-B379-28559235825D}.Debug|Any CPU.Build.0 = Debug|Any CPU
		{D2ED9AA4-F205-4E76-B379-28559235825D}.Release|Any CPU.ActiveCfg = Release|Any CPU
		{D2ED9AA4-F205-4E76-B379-28559235825D}.Release|Any CPU.Build.0 = Release|Any CPU
	EndGlobalSection
	GlobalSection(SolutionProperties) = preSolution
		HideSolutionNode = FALSE
	EndGlobalSection
	GlobalSection(ExtensibilityGlobals) = postSolution
		SolutionGuid = {44268AA8-9EA4-49EA-853F-B1D330C246A2}
	EndGlobalSection
EndGlobal
